// !$*UTF8*$!
{
	archiveVersion = 1;
	classes = {
	};
	objectVersion = 77;
	objects = {

/* Begin PBXBuildFile section */
		0483716751EEF0B660DFF2F0 /* Pods_code_nect.framework in Frameworks */ = {isa = PBXBuildFile; fileRef = 1E0205DD0F1ADBF374B5042D /* Pods_code_nect.framework */; };
		3461FEE0A09AEB7B4C615102 /* Pods_code_nectTests.framework in Frameworks */ = {isa = PBXBuildFile; fileRef = 88EB56421BCF33217B348D75 /* Pods_code_nectTests.framework */; };
		CEDD9F4EBD07E7FA46832D56 /* Pods_code_nect_code_nectUITests.framework in Frameworks */ = {isa = PBXBuildFile; fileRef = 258AB533C9FF1F4FC8F6E71D /* Pods_code_nect_code_nectUITests.framework */; };
		D5CB7E692D3D121200AA9235 /* GoogleService-Info-4 2.plist in Resources */ = {isa = PBXBuildFile; fileRef = D5CB7E682D3D121200AA9235 /* GoogleService-Info-4 2.plist */; };
		D5CB7EC12D3D1A4400AA9235 /* AppDelegate.swift in Sources */ = {isa = PBXBuildFile; fileRef = D5CB7EAF2D3D1A4400AA9235 /* AppDelegate.swift */; };
		D5CB7ED22D3D1A6B00AA9235 /* FirebaseAnalytics in Frameworks */ = {isa = PBXBuildFile; productRef = D5CB7ED12D3D1A6B00AA9235 /* FirebaseAnalytics */; };
		D5CB7FA62D3D210000AA9235 /* FirebaseAnalytics in Frameworks */ = {isa = PBXBuildFile; productRef = D5CB7FA52D3D210000AA9235 /* FirebaseAnalytics */; };
		D5CB7FA82D3D210000AA9235 /* FirebaseAnalyticsOnDeviceConversion in Frameworks */ = {isa = PBXBuildFile; productRef = D5CB7FA72D3D210000AA9235 /* FirebaseAnalyticsOnDeviceConversion */; };
		D5CB7FAA2D3D210000AA9235 /* FirebaseAnalyticsWithoutAdIdSupport in Frameworks */ = {isa = PBXBuildFile; productRef = D5CB7FA92D3D210000AA9235 /* FirebaseAnalyticsWithoutAdIdSupport */; };
		D5CB7FAC2D3D210000AA9235 /* FirebaseAppCheck in Frameworks */ = {isa = PBXBuildFile; productRef = D5CB7FAB2D3D210000AA9235 /* FirebaseAppCheck */; };
		D5CB7FAE2D3D210000AA9235 /* FirebaseAppDistribution-Beta in Frameworks */ = {isa = PBXBuildFile; productRef = D5CB7FAD2D3D210000AA9235 /* FirebaseAppDistribution-Beta */; };
/* End PBXBuildFile section */

/* Begin PBXContainerItemProxy section */
		D513E2EC2D3C20320057BA4F /* PBXContainerItemProxy */ = {
			isa = PBXContainerItemProxy;
			containerPortal = D513E2D32D3C202F0057BA4F /* Project object */;
			proxyType = 1;
			remoteGlobalIDString = D513E2DA2D3C202F0057BA4F;
			remoteInfo = "code-nect";
		};
		D513E2F62D3C20320057BA4F /* PBXContainerItemProxy */ = {
			isa = PBXContainerItemProxy;
			containerPortal = D513E2D32D3C202F0057BA4F /* Project object */;
			proxyType = 1;
			remoteGlobalIDString = D513E2DA2D3C202F0057BA4F;
			remoteInfo = "code-nect";
		};
/* End PBXContainerItemProxy section */

/* Begin PBXFileReference section */
		1B829246D614D70C68A2348A /* Pods-code-nect.release.xcconfig */ = {isa = PBXFileReference; includeInIndex = 1; lastKnownFileType = text.xcconfig; name = "Pods-code-nect.release.xcconfig"; path = "Target Support Files/Pods-code-nect/Pods-code-nect.release.xcconfig"; sourceTree = "<group>"; };
		1E0205DD0F1ADBF374B5042D /* Pods_code_nect.framework */ = {isa = PBXFileReference; explicitFileType = wrapper.framework; includeInIndex = 0; path = Pods_code_nect.framework; sourceTree = BUILT_PRODUCTS_DIR; };
		258AB533C9FF1F4FC8F6E71D /* Pods_code_nect_code_nectUITests.framework */ = {isa = PBXFileReference; explicitFileType = wrapper.framework; includeInIndex = 0; path = Pods_code_nect_code_nectUITests.framework; sourceTree = BUILT_PRODUCTS_DIR; };
		4B0AACFB01F4C3F9CD58EA44 /* Pods-code-nect-code-nectUITests.release.xcconfig */ = {isa = PBXFileReference; includeInIndex = 1; lastKnownFileType = text.xcconfig; name = "Pods-code-nect-code-nectUITests.release.xcconfig"; path = "Target Support Files/Pods-code-nect-code-nectUITests/Pods-code-nect-code-nectUITests.release.xcconfig"; sourceTree = "<group>"; };
		66E1EFE474D78760BCF7B349 /* Pods-code-nectTests.debug.xcconfig */ = {isa = PBXFileReference; includeInIndex = 1; lastKnownFileType = text.xcconfig; name = "Pods-code-nectTests.debug.xcconfig"; path = "Target Support Files/Pods-code-nectTests/Pods-code-nectTests.debug.xcconfig"; sourceTree = "<group>"; };
		88EB56421BCF33217B348D75 /* Pods_code_nectTests.framework */ = {isa = PBXFileReference; explicitFileType = wrapper.framework; includeInIndex = 0; path = Pods_code_nectTests.framework; sourceTree = BUILT_PRODUCTS_DIR; };
		A2FF746FEF83209EB237ED56 /* Pods-code-nectTests.release.xcconfig */ = {isa = PBXFileReference; includeInIndex = 1; lastKnownFileType = text.xcconfig; name = "Pods-code-nectTests.release.xcconfig"; path = "Target Support Files/Pods-code-nectTests/Pods-code-nectTests.release.xcconfig"; sourceTree = "<group>"; };
		ABE2A1661DCC553504B8FCFC /* Pods-code-nect.debug.xcconfig */ = {isa = PBXFileReference; includeInIndex = 1; lastKnownFileType = text.xcconfig; name = "Pods-code-nect.debug.xcconfig"; path = "Target Support Files/Pods-code-nect/Pods-code-nect.debug.xcconfig"; sourceTree = "<group>"; };
		AC69D5795BE72B3618B3D97C /* Pods-code-nect-code-nectUITests.debug.xcconfig */ = {isa = PBXFileReference; includeInIndex = 1; lastKnownFileType = text.xcconfig; name = "Pods-code-nect-code-nectUITests.debug.xcconfig"; path = "Target Support Files/Pods-code-nect-code-nectUITests/Pods-code-nect-code-nectUITests.debug.xcconfig"; sourceTree = "<group>"; };
		D513E2DB2D3C202F0057BA4F /* code-nect.app */ = {isa = PBXFileReference; explicitFileType = wrapper.application; includeInIndex = 0; path = "code-nect.app"; sourceTree = BUILT_PRODUCTS_DIR; };
		D513E2EB2D3C20320057BA4F /* code-nectTests.xctest */ = {isa = PBXFileReference; explicitFileType = wrapper.cfbundle; includeInIndex = 0; path = "code-nectTests.xctest"; sourceTree = BUILT_PRODUCTS_DIR; };
		D513E2F52D3C20320057BA4F /* code-nectUITests.xctest */ = {isa = PBXFileReference; explicitFileType = wrapper.cfbundle; includeInIndex = 0; path = "code-nectUITests.xctest"; sourceTree = BUILT_PRODUCTS_DIR; };
		D5CB7E682D3D121200AA9235 /* GoogleService-Info-4 2.plist */ = {isa = PBXFileReference; lastKnownFileType = text.plist.xml; path = "GoogleService-Info-4 2.plist"; sourceTree = "<group>"; };
		D5CB7EAF2D3D1A4400AA9235 /* AppDelegate.swift */ = {isa = PBXFileReference; lastKnownFileType = sourcecode.swift; path = AppDelegate.swift; sourceTree = "<group>"; };
/* End PBXFileReference section */

/* Begin PBXFileSystemSynchronizedRootGroup section */
		D513E2DD2D3C202F0057BA4F /* code-nect */ = {
			isa = PBXFileSystemSynchronizedRootGroup;
			path = "code-nect";
			sourceTree = "<group>";
		};
		D513E2EE2D3C20320057BA4F /* code-nectTests */ = {
			isa = PBXFileSystemSynchronizedRootGroup;
			path = "code-nectTests";
			sourceTree = "<group>";
		};
		D513E2F82D3C20320057BA4F /* code-nectUITests */ = {
			isa = PBXFileSystemSynchronizedRootGroup;
			path = "code-nectUITests";
			sourceTree = "<group>";
		};
/* End PBXFileSystemSynchronizedRootGroup section */

/* Begin PBXFrameworksBuildPhase section */
		D513E2D82D3C202F0057BA4F /* Frameworks */ = {
			isa = PBXFrameworksBuildPhase;
			buildActionMask = 2147483647;
			files = (
				D5CB7FAE2D3D210000AA9235 /* FirebaseAppDistribution-Beta in Frameworks */,
				D5CB7ED22D3D1A6B00AA9235 /* FirebaseAnalytics in Frameworks */,
				D5CB7FAA2D3D210000AA9235 /* FirebaseAnalyticsWithoutAdIdSupport in Frameworks */,
				0483716751EEF0B660DFF2F0 /* Pods_code_nect.framework in Frameworks */,
				D5CB7FA62D3D210000AA9235 /* FirebaseAnalytics in Frameworks */,
				D5CB7FAC2D3D210000AA9235 /* FirebaseAppCheck in Frameworks */,
				D5CB7FA82D3D210000AA9235 /* FirebaseAnalyticsOnDeviceConversion in Frameworks */,
			);
			runOnlyForDeploymentPostprocessing = 0;
		};
		D513E2E82D3C20320057BA4F /* Frameworks */ = {
			isa = PBXFrameworksBuildPhase;
			buildActionMask = 2147483647;
			files = (
				3461FEE0A09AEB7B4C615102 /* Pods_code_nectTests.framework in Frameworks */,
			);
			runOnlyForDeploymentPostprocessing = 0;
		};
		D513E2F22D3C20320057BA4F /* Frameworks */ = {
			isa = PBXFrameworksBuildPhase;
			buildActionMask = 2147483647;
			files = (
				CEDD9F4EBD07E7FA46832D56 /* Pods_code_nect_code_nectUITests.framework in Frameworks */,
			);
			runOnlyForDeploymentPostprocessing = 0;
		};
/* End PBXFrameworksBuildPhase section */

/* Begin PBXGroup section */
		6503E477D8D76C103E5E8FCC /* Pods */ = {
			isa = PBXGroup;
			children = (
				ABE2A1661DCC553504B8FCFC /* Pods-code-nect.debug.xcconfig */,
				1B829246D614D70C68A2348A /* Pods-code-nect.release.xcconfig */,
				AC69D5795BE72B3618B3D97C /* Pods-code-nect-code-nectUITests.debug.xcconfig */,
				4B0AACFB01F4C3F9CD58EA44 /* Pods-code-nect-code-nectUITests.release.xcconfig */,
				66E1EFE474D78760BCF7B349 /* Pods-code-nectTests.debug.xcconfig */,
				A2FF746FEF83209EB237ED56 /* Pods-code-nectTests.release.xcconfig */,
			);
			path = Pods;
			sourceTree = "<group>";
		};
		8A678763B9CEA5A58452335C /* Frameworks */ = {
			isa = PBXGroup;
			children = (
				1E0205DD0F1ADBF374B5042D /* Pods_code_nect.framework */,
				258AB533C9FF1F4FC8F6E71D /* Pods_code_nect_code_nectUITests.framework */,
				88EB56421BCF33217B348D75 /* Pods_code_nectTests.framework */,
			);
			name = Frameworks;
			sourceTree = "<group>";
		};
		D513E2D22D3C202F0057BA4F = {
			isa = PBXGroup;
			children = (
				D5CB7E682D3D121200AA9235 /* GoogleService-Info-4 2.plist */,
				D5CB7EAF2D3D1A4400AA9235 /* AppDelegate.swift */,
				D513E2DD2D3C202F0057BA4F /* code-nect */,
				D513E2EE2D3C20320057BA4F /* code-nectTests */,
				D513E2F82D3C20320057BA4F /* code-nectUITests */,
				D513E2DC2D3C202F0057BA4F /* Products */,
				6503E477D8D76C103E5E8FCC /* Pods */,
				8A678763B9CEA5A58452335C /* Frameworks */,
			);
			sourceTree = "<group>";
		};
		D513E2DC2D3C202F0057BA4F /* Products */ = {
			isa = PBXGroup;
			children = (
				D513E2DB2D3C202F0057BA4F /* code-nect.app */,
				D513E2EB2D3C20320057BA4F /* code-nectTests.xctest */,
				D513E2F52D3C20320057BA4F /* code-nectUITests.xctest */,
			);
			name = Products;
			sourceTree = "<group>";
		};
/* End PBXGroup section */

/* Begin PBXNativeTarget section */
		D513E2DA2D3C202F0057BA4F /* code-nect */ = {
			isa = PBXNativeTarget;
			buildConfigurationList = D513E2FF2D3C20320057BA4F /* Build configuration list for PBXNativeTarget "code-nect" */;
			buildPhases = (
				5A0342054437BEC64B8D4289 /* [CP] Check Pods Manifest.lock */,
				D513E2D72D3C202F0057BA4F /* Sources */,
				D513E2D82D3C202F0057BA4F /* Frameworks */,
				D513E2D92D3C202F0057BA4F /* Resources */,
				EF392A989C1C55E11231E991 /* [CP] Embed Pods Frameworks */,
			);
			buildRules = (
			);
			dependencies = (
			);
			fileSystemSynchronizedGroups = (
				D513E2DD2D3C202F0057BA4F /* code-nect */,
			);
			name = "code-nect";
			productName = "code-nect";
			productReference = D513E2DB2D3C202F0057BA4F /* code-nect.app */;
			productType = "com.apple.product-type.application";
		};
		D513E2EA2D3C20320057BA4F /* code-nectTests */ = {
			isa = PBXNativeTarget;
			buildConfigurationList = D513E3022D3C20320057BA4F /* Build configuration list for PBXNativeTarget "code-nectTests" */;
			buildPhases = (
				DE4B552CFE6905C69CA4B978 /* [CP] Check Pods Manifest.lock */,
				D513E2E72D3C20320057BA4F /* Sources */,
				D513E2E82D3C20320057BA4F /* Frameworks */,
				D513E2E92D3C20320057BA4F /* Resources */,
			);
			buildRules = (
			);
			dependencies = (
				D513E2ED2D3C20320057BA4F /* PBXTargetDependency */,
			);
			fileSystemSynchronizedGroups = (
				D513E2EE2D3C20320057BA4F /* code-nectTests */,
			);
			name = "code-nectTests";
			productName = "code-nectTests";
			productReference = D513E2EB2D3C20320057BA4F /* code-nectTests.xctest */;
			productType = "com.apple.product-type.bundle.unit-test";
		};
		D513E2F42D3C20320057BA4F /* code-nectUITests */ = {
			isa = PBXNativeTarget;
			buildConfigurationList = D513E3052D3C20320057BA4F /* Build configuration list for PBXNativeTarget "code-nectUITests" */;
			buildPhases = (
				33666904ED5E9E47CD33B162 /* [CP] Check Pods Manifest.lock */,
				D513E2F12D3C20320057BA4F /* Sources */,
				D513E2F22D3C20320057BA4F /* Frameworks */,
				D513E2F32D3C20320057BA4F /* Resources */,
				FF5C0C54F6ACB941F0D2A875 /* [CP] Embed Pods Frameworks */,
			);
			buildRules = (
			);
			dependencies = (
				D513E2F72D3C20320057BA4F /* PBXTargetDependency */,
			);
			fileSystemSynchronizedGroups = (
				D513E2F82D3C20320057BA4F /* code-nectUITests */,
			);
			name = "code-nectUITests";
			productName = "code-nectUITests";
			productReference = D513E2F52D3C20320057BA4F /* code-nectUITests.xctest */;
			productType = "com.apple.product-type.bundle.ui-testing";
		};
/* End PBXNativeTarget section */

/* Begin PBXProject section */
		D513E2D32D3C202F0057BA4F /* Project object */ = {
			isa = PBXProject;
			attributes = {
				BuildIndependentTargetsInParallel = 1;
				LastSwiftUpdateCheck = 1620;
				LastUpgradeCheck = 1620;
				TargetAttributes = {
					D513E2DA2D3C202F0057BA4F = {
						CreatedOnToolsVersion = 16.2;
					};
					D513E2EA2D3C20320057BA4F = {
						CreatedOnToolsVersion = 16.2;
						TestTargetID = D513E2DA2D3C202F0057BA4F;
					};
					D513E2F42D3C20320057BA4F = {
						CreatedOnToolsVersion = 16.2;
						TestTargetID = D513E2DA2D3C202F0057BA4F;
					};
				};
			};
			buildConfigurationList = D513E2D62D3C202F0057BA4F /* Build configuration list for PBXProject "code-nect" */;
			developmentRegion = en;
			hasScannedForEncodings = 0;
			knownRegions = (
				en,
				Base,
			);
			mainGroup = D513E2D22D3C202F0057BA4F;
			minimizedProjectReferenceProxies = 1;
			packageReferences = (
				D5CB7EAE2D3D19CE00AA9235 /* XCRemoteSwiftPackageReference "firebase-ios-sdk" */,
			);
			preferredProjectObjectVersion = 77;
			productRefGroup = D513E2DC2D3C202F0057BA4F /* Products */;
			projectDirPath = "";
			projectRoot = "";
			targets = (
				D513E2DA2D3C202F0057BA4F /* code-nect */,
				D513E2EA2D3C20320057BA4F /* code-nectTests */,
				D513E2F42D3C20320057BA4F /* code-nectUITests */,
			);
		};
/* End PBXProject section */

/* Begin PBXResourcesBuildPhase section */
		D513E2D92D3C202F0057BA4F /* Resources */ = {
			isa = PBXResourcesBuildPhase;
			buildActionMask = 2147483647;
			files = (
				D5CB7E692D3D121200AA9235 /* GoogleService-Info-4 2.plist in Resources */,
			);
			runOnlyForDeploymentPostprocessing = 0;
		};
		D513E2E92D3C20320057BA4F /* Resources */ = {
			isa = PBXResourcesBuildPhase;
			buildActionMask = 2147483647;
			files = (
			);
			runOnlyForDeploymentPostprocessing = 0;
		};
		D513E2F32D3C20320057BA4F /* Resources */ = {
			isa = PBXResourcesBuildPhase;
			buildActionMask = 2147483647;
			files = (
			);
			runOnlyForDeploymentPostprocessing = 0;
		};
/* End PBXResourcesBuildPhase section */

/* Begin PBXShellScriptBuildPhase section */
		33666904ED5E9E47CD33B162 /* [CP] Check Pods Manifest.lock */ = {
			isa = PBXShellScriptBuildPhase;
			buildActionMask = 2147483647;
			files = (
			);
			inputFileListPaths = (
			);
			inputPaths = (
				"${PODS_PODFILE_DIR_PATH}/Podfile.lock",
				"${PODS_ROOT}/Manifest.lock",
			);
			name = "[CP] Check Pods Manifest.lock";
			outputFileListPaths = (
			);
			outputPaths = (
				"$(DERIVED_FILE_DIR)/Pods-code-nect-code-nectUITests-checkManifestLockResult.txt",
			);
			runOnlyForDeploymentPostprocessing = 0;
			shellPath = /bin/sh;
			shellScript = "diff \"${PODS_PODFILE_DIR_PATH}/Podfile.lock\" \"${PODS_ROOT}/Manifest.lock\" > /dev/null\nif [ $? != 0 ] ; then\n    # print error to STDERR\n    echo \"error: The sandbox is not in sync with the Podfile.lock. Run 'pod install' or update your CocoaPods installation.\" >&2\n    exit 1\nfi\n# This output is used by Xcode 'outputs' to avoid re-running this script phase.\necho \"SUCCESS\" > \"${SCRIPT_OUTPUT_FILE_0}\"\n";
			showEnvVarsInLog = 0;
		};
		5A0342054437BEC64B8D4289 /* [CP] Check Pods Manifest.lock */ = {
			isa = PBXShellScriptBuildPhase;
			buildActionMask = 2147483647;
			files = (
			);
			inputFileListPaths = (
			);
			inputPaths = (
				"${PODS_PODFILE_DIR_PATH}/Podfile.lock",
				"${PODS_ROOT}/Manifest.lock",
			);
			name = "[CP] Check Pods Manifest.lock";
			outputFileListPaths = (
			);
			outputPaths = (
				"$(DERIVED_FILE_DIR)/Pods-code-nect-checkManifestLockResult.txt",
			);
			runOnlyForDeploymentPostprocessing = 0;
			shellPath = /bin/sh;
			shellScript = "diff \"${PODS_PODFILE_DIR_PATH}/Podfile.lock\" \"${PODS_ROOT}/Manifest.lock\" > /dev/null\nif [ $? != 0 ] ; then\n    # print error to STDERR\n    echo \"error: The sandbox is not in sync with the Podfile.lock. Run 'pod install' or update your CocoaPods installation.\" >&2\n    exit 1\nfi\n# This output is used by Xcode 'outputs' to avoid re-running this script phase.\necho \"SUCCESS\" > \"${SCRIPT_OUTPUT_FILE_0}\"\n";
			showEnvVarsInLog = 0;
		};
		DE4B552CFE6905C69CA4B978 /* [CP] Check Pods Manifest.lock */ = {
			isa = PBXShellScriptBuildPhase;
			buildActionMask = 2147483647;
			files = (
			);
			inputFileListPaths = (
			);
			inputPaths = (
				"${PODS_PODFILE_DIR_PATH}/Podfile.lock",
				"${PODS_ROOT}/Manifest.lock",
			);
			name = "[CP] Check Pods Manifest.lock";
			outputFileListPaths = (
			);
			outputPaths = (
				"$(DERIVED_FILE_DIR)/Pods-code-nectTests-checkManifestLockResult.txt",
			);
			runOnlyForDeploymentPostprocessing = 0;
			shellPath = /bin/sh;
			shellScript = "diff \"${PODS_PODFILE_DIR_PATH}/Podfile.lock\" \"${PODS_ROOT}/Manifest.lock\" > /dev/null\nif [ $? != 0 ] ; then\n    # print error to STDERR\n    echo \"error: The sandbox is not in sync with the Podfile.lock. Run 'pod install' or update your CocoaPods installation.\" >&2\n    exit 1\nfi\n# This output is used by Xcode 'outputs' to avoid re-running this script phase.\necho \"SUCCESS\" > \"${SCRIPT_OUTPUT_FILE_0}\"\n";
			showEnvVarsInLog = 0;
		};
		EF392A989C1C55E11231E991 /* [CP] Embed Pods Frameworks */ = {
			isa = PBXShellScriptBuildPhase;
			buildActionMask = 2147483647;
			files = (
			);
			inputFileListPaths = (
				"${PODS_ROOT}/Target Support Files/Pods-code-nect/Pods-code-nect-frameworks-${CONFIGURATION}-input-files.xcfilelist",
			);
			name = "[CP] Embed Pods Frameworks";
			outputFileListPaths = (
				"${PODS_ROOT}/Target Support Files/Pods-code-nect/Pods-code-nect-frameworks-${CONFIGURATION}-output-files.xcfilelist",
			);
			runOnlyForDeploymentPostprocessing = 0;
			shellPath = /bin/sh;
			shellScript = "\"${PODS_ROOT}/Target Support Files/Pods-code-nect/Pods-code-nect-frameworks.sh\"\n";
			showEnvVarsInLog = 0;
		};
		FF5C0C54F6ACB941F0D2A875 /* [CP] Embed Pods Frameworks */ = {
			isa = PBXShellScriptBuildPhase;
			buildActionMask = 2147483647;
			files = (
			);
			inputFileListPaths = (
				"${PODS_ROOT}/Target Support Files/Pods-code-nect-code-nectUITests/Pods-code-nect-code-nectUITests-frameworks-${CONFIGURATION}-input-files.xcfilelist",
			);
			name = "[CP] Embed Pods Frameworks";
			outputFileListPaths = (
				"${PODS_ROOT}/Target Support Files/Pods-code-nect-code-nectUITests/Pods-code-nect-code-nectUITests-frameworks-${CONFIGURATION}-output-files.xcfilelist",
			);
			runOnlyForDeploymentPostprocessing = 0;
			shellPath = /bin/sh;
			shellScript = "\"${PODS_ROOT}/Target Support Files/Pods-code-nect-code-nectUITests/Pods-code-nect-code-nectUITests-frameworks.sh\"\n";
			showEnvVarsInLog = 0;
		};
/* End PBXShellScriptBuildPhase section */

/* Begin PBXSourcesBuildPhase section */
		D513E2D72D3C202F0057BA4F /* Sources */ = {
			isa = PBXSourcesBuildPhase;
			buildActionMask = 2147483647;
			files = (
				D5CB7EC12D3D1A4400AA9235 /* AppDelegate.swift in Sources */,
			);
			runOnlyForDeploymentPostprocessing = 0;
		};
		D513E2E72D3C20320057BA4F /* Sources */ = {
			isa = PBXSourcesBuildPhase;
			buildActionMask = 2147483647;
			files = (
			);
			runOnlyForDeploymentPostprocessing = 0;
		};
		D513E2F12D3C20320057BA4F /* Sources */ = {
			isa = PBXSourcesBuildPhase;
			buildActionMask = 2147483647;
			files = (
			);
			runOnlyForDeploymentPostprocessing = 0;
		};
/* End PBXSourcesBuildPhase section */

/* Begin PBXTargetDependency section */
		D513E2ED2D3C20320057BA4F /* PBXTargetDependency */ = {
			isa = PBXTargetDependency;
			target = D513E2DA2D3C202F0057BA4F /* code-nect */;
			targetProxy = D513E2EC2D3C20320057BA4F /* PBXContainerItemProxy */;
		};
		D513E2F72D3C20320057BA4F /* PBXTargetDependency */ = {
			isa = PBXTargetDependency;
			target = D513E2DA2D3C202F0057BA4F /* code-nect */;
			targetProxy = D513E2F62D3C20320057BA4F /* PBXContainerItemProxy */;
		};
/* End PBXTargetDependency section */

/* Begin XCBuildConfiguration section */
		D513E2FD2D3C20320057BA4F /* Debug */ = {
			isa = XCBuildConfiguration;
			buildSettings = {
				ALWAYS_SEARCH_USER_PATHS = NO;
				ASSETCATALOG_COMPILER_GENERATE_SWIFT_ASSET_SYMBOL_EXTENSIONS = YES;
				CLANG_ANALYZER_NONNULL = YES;
				CLANG_ANALYZER_NUMBER_OBJECT_CONVERSION = YES_AGGRESSIVE;
				CLANG_CXX_LANGUAGE_STANDARD = "gnu++20";
				CLANG_ENABLE_MODULES = YES;
				CLANG_ENABLE_OBJC_ARC = YES;
				CLANG_ENABLE_OBJC_WEAK = YES;
				CLANG_WARN_BLOCK_CAPTURE_AUTORELEASING = YES;
				CLANG_WARN_BOOL_CONVERSION = YES;
				CLANG_WARN_COMMA = YES;
				CLANG_WARN_CONSTANT_CONVERSION = YES;
				CLANG_WARN_DEPRECATED_OBJC_IMPLEMENTATIONS = YES;
				CLANG_WARN_DIRECT_OBJC_ISA_USAGE = YES_ERROR;
				CLANG_WARN_DOCUMENTATION_COMMENTS = YES;
				CLANG_WARN_EMPTY_BODY = YES;
				CLANG_WARN_ENUM_CONVERSION = YES;
				CLANG_WARN_INFINITE_RECURSION = YES;
				CLANG_WARN_INT_CONVERSION = YES;
				CLANG_WARN_NON_LITERAL_NULL_CONVERSION = YES;
				CLANG_WARN_OBJC_IMPLICIT_RETAIN_SELF = YES;
				CLANG_WARN_OBJC_LITERAL_CONVERSION = YES;
				CLANG_WARN_OBJC_ROOT_CLASS = YES_ERROR;
				CLANG_WARN_QUOTED_INCLUDE_IN_FRAMEWORK_HEADER = YES;
				CLANG_WARN_RANGE_LOOP_ANALYSIS = YES;
				CLANG_WARN_STRICT_PROTOTYPES = YES;
				CLANG_WARN_SUSPICIOUS_MOVE = YES;
				CLANG_WARN_UNGUARDED_AVAILABILITY = YES_AGGRESSIVE;
				CLANG_WARN_UNREACHABLE_CODE = YES;
				CLANG_WARN__DUPLICATE_METHOD_MATCH = YES;
				COPY_PHASE_STRIP = NO;
				DEBUG_INFORMATION_FORMAT = dwarf;
				ENABLE_STRICT_OBJC_MSGSEND = YES;
				ENABLE_TESTABILITY = YES;
				ENABLE_USER_SCRIPT_SANDBOXING = YES;
				GCC_C_LANGUAGE_STANDARD = gnu17;
				GCC_DYNAMIC_NO_PIC = NO;
				GCC_NO_COMMON_BLOCKS = YES;
				GCC_OPTIMIZATION_LEVEL = 0;
				GCC_PREPROCESSOR_DEFINITIONS = (
					"DEBUG=1",
					"$(inherited)",
				);
				GCC_WARN_64_TO_32_BIT_CONVERSION = YES;
				GCC_WARN_ABOUT_RETURN_TYPE = YES_ERROR;
				GCC_WARN_UNDECLARED_SELECTOR = YES;
				GCC_WARN_UNINITIALIZED_AUTOS = YES_AGGRESSIVE;
				GCC_WARN_UNUSED_FUNCTION = YES;
				GCC_WARN_UNUSED_VARIABLE = YES;
				IPHONEOS_DEPLOYMENT_TARGET = 18.2;
				LOCALIZATION_PREFERS_STRING_CATALOGS = YES;
				MTL_ENABLE_DEBUG_INFO = INCLUDE_SOURCE;
				MTL_FAST_MATH = YES;
				ONLY_ACTIVE_ARCH = YES;
				SDKROOT = iphoneos;
				SWIFT_ACTIVE_COMPILATION_CONDITIONS = "DEBUG $(inherited)";
				SWIFT_OPTIMIZATION_LEVEL = "-Onone";
			};
			name = Debug;
		};
		D513E2FE2D3C20320057BA4F /* Release */ = {
			isa = XCBuildConfiguration;
			buildSettings = {
				ALWAYS_SEARCH_USER_PATHS = NO;
				ASSETCATALOG_COMPILER_GENERATE_SWIFT_ASSET_SYMBOL_EXTENSIONS = YES;
				CLANG_ANALYZER_NONNULL = YES;
				CLANG_ANALYZER_NUMBER_OBJECT_CONVERSION = YES_AGGRESSIVE;
				CLANG_CXX_LANGUAGE_STANDARD = "gnu++20";
				CLANG_ENABLE_MODULES = YES;
				CLANG_ENABLE_OBJC_ARC = YES;
				CLANG_ENABLE_OBJC_WEAK = YES;
				CLANG_WARN_BLOCK_CAPTURE_AUTORELEASING = YES;
				CLANG_WARN_BOOL_CONVERSION = YES;
				CLANG_WARN_COMMA = YES;
				CLANG_WARN_CONSTANT_CONVERSION = YES;
				CLANG_WARN_DEPRECATED_OBJC_IMPLEMENTATIONS = YES;
				CLANG_WARN_DIRECT_OBJC_ISA_USAGE = YES_ERROR;
				CLANG_WARN_DOCUMENTATION_COMMENTS = YES;
				CLANG_WARN_EMPTY_BODY = YES;
				CLANG_WARN_ENUM_CONVERSION = YES;
				CLANG_WARN_INFINITE_RECURSION = YES;
				CLANG_WARN_INT_CONVERSION = YES;
				CLANG_WARN_NON_LITERAL_NULL_CONVERSION = YES;
				CLANG_WARN_OBJC_IMPLICIT_RETAIN_SELF = YES;
				CLANG_WARN_OBJC_LITERAL_CONVERSION = YES;
				CLANG_WARN_OBJC_ROOT_CLASS = YES_ERROR;
				CLANG_WARN_QUOTED_INCLUDE_IN_FRAMEWORK_HEADER = YES;
				CLANG_WARN_RANGE_LOOP_ANALYSIS = YES;
				CLANG_WARN_STRICT_PROTOTYPES = YES;
				CLANG_WARN_SUSPICIOUS_MOVE = YES;
				CLANG_WARN_UNGUARDED_AVAILABILITY = YES_AGGRESSIVE;
				CLANG_WARN_UNREACHABLE_CODE = YES;
				CLANG_WARN__DUPLICATE_METHOD_MATCH = YES;
				COPY_PHASE_STRIP = NO;
				DEBUG_INFORMATION_FORMAT = "dwarf-with-dsym";
				ENABLE_NS_ASSERTIONS = NO;
				ENABLE_STRICT_OBJC_MSGSEND = YES;
				ENABLE_USER_SCRIPT_SANDBOXING = YES;
				GCC_C_LANGUAGE_STANDARD = gnu17;
				GCC_NO_COMMON_BLOCKS = YES;
				GCC_WARN_64_TO_32_BIT_CONVERSION = YES;
				GCC_WARN_ABOUT_RETURN_TYPE = YES_ERROR;
				GCC_WARN_UNDECLARED_SELECTOR = YES;
				GCC_WARN_UNINITIALIZED_AUTOS = YES_AGGRESSIVE;
				GCC_WARN_UNUSED_FUNCTION = YES;
				GCC_WARN_UNUSED_VARIABLE = YES;
				IPHONEOS_DEPLOYMENT_TARGET = 18.2;
				LOCALIZATION_PREFERS_STRING_CATALOGS = YES;
				MTL_ENABLE_DEBUG_INFO = NO;
				MTL_FAST_MATH = YES;
				SDKROOT = iphoneos;
				SWIFT_COMPILATION_MODE = wholemodule;
				VALIDATE_PRODUCT = YES;
			};
			name = Release;
		};
		D513E3002D3C20320057BA4F /* Debug */ = {
			isa = XCBuildConfiguration;
			baseConfigurationReference = ABE2A1661DCC553504B8FCFC /* Pods-code-nect.debug.xcconfig */;
			buildSettings = {
				ASSETCATALOG_COMPILER_APPICON_NAME = AppIcon;
				ASSETCATALOG_COMPILER_GLOBAL_ACCENT_COLOR_NAME = AccentColor;
				CODE_SIGN_STYLE = Automatic;
				CURRENT_PROJECT_VERSION = 1;
				DEVELOPMENT_ASSET_PATHS = "\"code-nect/Preview Content\"";
				DEVELOPMENT_TEAM = J6HQ2444HR;
				ENABLE_PREVIEWS = YES;
				GENERATE_INFOPLIST_FILE = YES;
				INFOPLIST_KEY_UIApplicationSceneManifest_Generation = YES;
				INFOPLIST_KEY_UIApplicationSupportsIndirectInputEvents = YES;
				INFOPLIST_KEY_UILaunchScreen_Generation = YES;
				INFOPLIST_KEY_UISupportedInterfaceOrientations = "UIInterfaceOrientationPortraitUpsideDown UIInterfaceOrientationPortrait UIInterfaceOrientationLandscapeLeft UIInterfaceOrientationLandscapeRight";
				INFOPLIST_KEY_UISupportedInterfaceOrientations_iPhone = "UIInterfaceOrientationLandscapeLeft UIInterfaceOrientationLandscapeRight";
				LD_RUNPATH_SEARCH_PATHS = (
					"$(inherited)",
					"@executable_path/Frameworks",
				);
				MARKETING_VERSION = 1.0;
				PRODUCT_BUNDLE_IDENTIFIER = "com.navya.code-nect";
				PRODUCT_NAME = "$(TARGET_NAME)";
				SWIFT_EMIT_LOC_STRINGS = YES;
				SWIFT_VERSION = 5.0;
				TARGETED_DEVICE_FAMILY = "1,2";
			};
			name = Debug;
		};
		D513E3012D3C20320057BA4F /* Release */ = {
			isa = XCBuildConfiguration;
			baseConfigurationReference = 1B829246D614D70C68A2348A /* Pods-code-nect.release.xcconfig */;
			buildSettings = {
				ASSETCATALOG_COMPILER_APPICON_NAME = AppIcon;
				ASSETCATALOG_COMPILER_GLOBAL_ACCENT_COLOR_NAME = AccentColor;
				CODE_SIGN_STYLE = Automatic;
				CURRENT_PROJECT_VERSION = 1;
				DEVELOPMENT_ASSET_PATHS = "\"code-nect/Preview Content\"";
				DEVELOPMENT_TEAM = J6HQ2444HR;
				ENABLE_PREVIEWS = YES;
				GENERATE_INFOPLIST_FILE = YES;
				INFOPLIST_KEY_UIApplicationSceneManifest_Generation = YES;
				INFOPLIST_KEY_UIApplicationSupportsIndirectInputEvents = YES;
				INFOPLIST_KEY_UILaunchScreen_Generation = YES;
				INFOPLIST_KEY_UISupportedInterfaceOrientations = "UIInterfaceOrientationPortraitUpsideDown UIInterfaceOrientationPortrait UIInterfaceOrientationLandscapeLeft UIInterfaceOrientationLandscapeRight";
				INFOPLIST_KEY_UISupportedInterfaceOrientations_iPhone = "UIInterfaceOrientationLandscapeLeft UIInterfaceOrientationLandscapeRight";
				LD_RUNPATH_SEARCH_PATHS = (
					"$(inherited)",
					"@executable_path/Frameworks",
				);
				MARKETING_VERSION = 1.0;
				PRODUCT_BUNDLE_IDENTIFIER = "com.navya.code-nect";
				PRODUCT_NAME = "$(TARGET_NAME)";
				SWIFT_EMIT_LOC_STRINGS = YES;
				SWIFT_VERSION = 5.0;
				TARGETED_DEVICE_FAMILY = "1,2";
			};
			name = Release;
		};
		D513E3032D3C20320057BA4F /* Debug */ = {
			isa = XCBuildConfiguration;
			baseConfigurationReference = 66E1EFE474D78760BCF7B349 /* Pods-code-nectTests.debug.xcconfig */;
			buildSettings = {
				BUNDLE_LOADER = "$(TEST_HOST)";
				CODE_SIGN_STYLE = Automatic;
				CURRENT_PROJECT_VERSION = 1;
				DEVELOPMENT_TEAM = J6HQ2444HR;
				GENERATE_INFOPLIST_FILE = YES;
				IPHONEOS_DEPLOYMENT_TARGET = 18.2;
				MARKETING_VERSION = 1.0;
				PRODUCT_BUNDLE_IDENTIFIER = "com.navya.code-nectTests";
				PRODUCT_NAME = "$(TARGET_NAME)";
				SWIFT_EMIT_LOC_STRINGS = NO;
				SWIFT_VERSION = 5.0;
				TARGETED_DEVICE_FAMILY = "1,2";
				TEST_HOST = "$(BUILT_PRODUCTS_DIR)/code-nect.app/$(BUNDLE_EXECUTABLE_FOLDER_PATH)/code-nect";
			};
			name = Debug;
		};
		D513E3042D3C20320057BA4F /* Release */ = {
			isa = XCBuildConfiguration;
			baseConfigurationReference = A2FF746FEF83209EB237ED56 /* Pods-code-nectTests.release.xcconfig */;
			buildSettings = {
				BUNDLE_LOADER = "$(TEST_HOST)";
				CODE_SIGN_STYLE = Automatic;
				CURRENT_PROJECT_VERSION = 1;
				DEVELOPMENT_TEAM = J6HQ2444HR;
				GENERATE_INFOPLIST_FILE = YES;
				IPHONEOS_DEPLOYMENT_TARGET = 18.2;
				MARKETING_VERSION = 1.0;
				PRODUCT_BUNDLE_IDENTIFIER = "com.navya.code-nectTests";
				PRODUCT_NAME = "$(TARGET_NAME)";
				SWIFT_EMIT_LOC_STRINGS = NO;
				SWIFT_VERSION = 5.0;
				TARGETED_DEVICE_FAMILY = "1,2";
				TEST_HOST = "$(BUILT_PRODUCTS_DIR)/code-nect.app/$(BUNDLE_EXECUTABLE_FOLDER_PATH)/code-nect";
			};
			name = Release;
		};
		D513E3062D3C20320057BA4F /* Debug */ = {
			isa = XCBuildConfiguration;
			baseConfigurationReference = AC69D5795BE72B3618B3D97C /* Pods-code-nect-code-nectUITests.debug.xcconfig */;
			buildSettings = {
				CODE_SIGN_STYLE = Automatic;
				CURRENT_PROJECT_VERSION = 1;
				DEVELOPMENT_TEAM = J6HQ2444HR;
				GENERATE_INFOPLIST_FILE = YES;
				MARKETING_VERSION = 1.0;
				PRODUCT_BUNDLE_IDENTIFIER = "com.navya.code-nectUITests";
				PRODUCT_NAME = "$(TARGET_NAME)";
				SWIFT_EMIT_LOC_STRINGS = NO;
				SWIFT_VERSION = 5.0;
				TARGETED_DEVICE_FAMILY = "1,2";
				TEST_TARGET_NAME = "code-nect";
			};
			name = Debug;
		};
		D513E3072D3C20320057BA4F /* Release */ = {
			isa = XCBuildConfiguration;
			baseConfigurationReference = 4B0AACFB01F4C3F9CD58EA44 /* Pods-code-nect-code-nectUITests.release.xcconfig */;
			buildSettings = {
				CODE_SIGN_STYLE = Automatic;
				CURRENT_PROJECT_VERSION = 1;
				DEVELOPMENT_TEAM = J6HQ2444HR;
				GENERATE_INFOPLIST_FILE = YES;
				MARKETING_VERSION = 1.0;
				PRODUCT_BUNDLE_IDENTIFIER = "com.navya.code-nectUITests";
				PRODUCT_NAME = "$(TARGET_NAME)";
				SWIFT_EMIT_LOC_STRINGS = NO;
				SWIFT_VERSION = 5.0;
				TARGETED_DEVICE_FAMILY = "1,2";
				TEST_TARGET_NAME = "code-nect";
			};
			name = Release;
		};
/* End XCBuildConfiguration section */

/* Begin XCConfigurationList section */
		D513E2D62D3C202F0057BA4F /* Build configuration list for PBXProject "code-nect" */ = {
			isa = XCConfigurationList;
			buildConfigurations = (
				D513E2FD2D3C20320057BA4F /* Debug */,
				D513E2FE2D3C20320057BA4F /* Release */,
			);
			defaultConfigurationIsVisible = 0;
			defaultConfigurationName = Release;
		};
		D513E2FF2D3C20320057BA4F /* Build configuration list for PBXNativeTarget "code-nect" */ = {
			isa = XCConfigurationList;
			buildConfigurations = (
				D513E3002D3C20320057BA4F /* Debug */,
				D513E3012D3C20320057BA4F /* Release */,
			);
			defaultConfigurationIsVisible = 0;
			defaultConfigurationName = Release;
		};
		D513E3022D3C20320057BA4F /* Build configuration list for PBXNativeTarget "code-nectTests" */ = {
			isa = XCConfigurationList;
			buildConfigurations = (
				D513E3032D3C20320057BA4F /* Debug */,
				D513E3042D3C20320057BA4F /* Release */,
			);
			defaultConfigurationIsVisible = 0;
			defaultConfigurationName = Release;
		};
		D513E3052D3C20320057BA4F /* Build configuration list for PBXNativeTarget "code-nectUITests" */ = {
			isa = XCConfigurationList;
			buildConfigurations = (
				D513E3062D3C20320057BA4F /* Debug */,
				D513E3072D3C20320057BA4F /* Release */,
			);
			defaultConfigurationIsVisible = 0;
			defaultConfigurationName = Release;
		};
/* End XCConfigurationList section */

/* Begin XCRemoteSwiftPackageReference section */
		D5CB7EAE2D3D19CE00AA9235 /* XCRemoteSwiftPackageReference "firebase-ios-sdk" */ = {
			isa = XCRemoteSwiftPackageReference;
			repositoryURL = "https://github.com/firebase/firebase-ios-sdk";
			requirement = {
				kind = upToNextMajorVersion;
				minimumVersion = 11.7.0;
			};
		};
/* End XCRemoteSwiftPackageReference section */

/* Begin XCSwiftPackageProductDependency section */
		D5CB7ED12D3D1A6B00AA9235 /* FirebaseAnalytics */ = {
			isa = XCSwiftPackageProductDependency;
			package = D5CB7EAE2D3D19CE00AA9235 /* XCRemoteSwiftPackageReference "firebase-ios-sdk" */;
			productName = FirebaseAnalytics;
		};
		D5CB7FA52D3D210000AA9235 /* FirebaseAnalytics */ = {
			isa = XCSwiftPackageProductDependency;
			package = D5CB7EAE2D3D19CE00AA9235 /* XCRemoteSwiftPackageReference "firebase-ios-sdk" */;
			productName = FirebaseAnalytics;
		};
		D5CB7FA72D3D210000AA9235 /* FirebaseAnalyticsOnDeviceConversion */ = {
			isa = XCSwiftPackageProductDependency;
			package = D5CB7EAE2D3D19CE00AA9235 /* XCRemoteSwiftPackageReference "firebase-ios-sdk" */;
			productName = FirebaseAnalyticsOnDeviceConversion;
		};
		D5CB7FA92D3D210000AA9235 /* FirebaseAnalyticsWithoutAdIdSupport */ = {
			isa = XCSwiftPackageProductDependency;
			package = D5CB7EAE2D3D19CE00AA9235 /* XCRemoteSwiftPackageReference "firebase-ios-sdk" */;
			productName = FirebaseAnalyticsWithoutAdIdSupport;
		};
		D5CB7FAB2D3D210000AA9235 /* FirebaseAppCheck */ = {
			isa = XCSwiftPackageProductDependency;
			package = D5CB7EAE2D3D19CE00AA9235 /* XCRemoteSwiftPackageReference "firebase-ios-sdk" */;
			productName = FirebaseAppCheck;
		};
		D5CB7FAD2D3D210000AA9235 /* FirebaseAppDistribution-Beta */ = {
			isa = XCSwiftPackageProductDependency;
			package = D5CB7EAE2D3D19CE00AA9235 /* XCRemoteSwiftPackageReference "firebase-ios-sdk" */;
			productName = "FirebaseAppDistribution-Beta";
		};
/* End XCSwiftPackageProductDependency section */
	};
	rootObject = D513E2D32D3C202F0057BA4F /* Project object */;
}
